
Microsoft Visual Studio Solution File, Format Version 12.00
# Visual Studio Version 16
VisualStudioVersion = 16.0.32002.261
MinimumVisualStudioVersion = 10.0.40219.1
Project("{FAE04EC0-301F-11D3-BF4B-00C04F79EFBC}") = "Helperland", "Helperland\Helperland.csproj", "{9181F457-9FF0-410B-BB41-20004D7DA6A7}"
EndProject
Global
	GlobalSection(SolutionConfigurationPlatforms) = preSolution
		Debug|Any CPU = Debug|Any CPU
		Release|Any CPU = Release|Any CPU
	EndGlobalSection
	GlobalSection(ProjectConfigurationPlatforms) = postSolution
		{9181F457-9FF0-410B-BB41-20004D7DA6A7}.Debug|Any CPU.ActiveCfg = Debug|Any CPU
		{9181F457-9FF0-410B-BB41-20004D7DA6A7}.Debug|Any CPU.Build.0 = Debug|Any CPU
		{9181F457-9FF0-410B-BB41-20004D7DA6A7}.Release|Any CPU.ActiveCfg = Release|Any CPU
		{9181F457-9FF0-410B-BB41-20004D7DA6A7}.Release|Any CPU.Build.0 = Release|Any CPU
	EndGlobalSection
	GlobalSection(SolutionProperties) = preSolution
		HideSolutionNode = FALSE
	EndGlobalSection
	GlobalSection(ExtensibilityGlobals) = postSolution
		SolutionGuid = {F17B45B3-1B01-47AA-BDC7-458BBBDB5576}
	EndGlobalSection
EndGlobal
